
Microsoft Visual Studio Solution File, Format Version 11.00
# Visual Studio 2010
Project("{FAE04EC0-301F-11D3-BF4B-00C04F79EFBC}") = "MMORPG2", "Assembly-CSharp-firstpass.csproj", "{896C69E3-E8F1-611F-EDDB-60FE2C2B4991}"
EndProject
Project("{FAE04EC0-301F-11D3-BF4B-00C04F79EFBC}") = "MMORPG2", "Assembly-CSharp.csproj", "{C49951F4-D75B-6C10-75B0-BBD083F62464}"
EndProject
Project("{FAE04EC0-301F-11D3-BF4B-00C04F79EFBC}") = "MMORPG2", "Assembly-CSharp-Editor-firstpass.csproj", "{AB22E64F-34AD-6E13-EF1C-03E7500B9330}"
EndProject
Global
	GlobalSection(SolutionConfigurationPlatforms) = preSolution
		Debug|Any CPU = Debug|Any CPU
		Release|Any CPU = Release|Any CPU
	EndGlobalSection
	GlobalSection(ProjectConfigurationPlatforms) = postSolution
		{896C69E3-E8F1-611F-EDDB-60FE2C2B4991}.Debug|Any CPU.ActiveCfg = Debug|Any CPU
		{896C69E3-E8F1-611F-EDDB-60FE2C2B4991}.Debug|Any CPU.Build.0 = Debug|Any CPU
		{896C69E3-E8F1-611F-EDDB-60FE2C2B4991}.Release|Any CPU.ActiveCfg = Release|Any CPU
		{896C69E3-E8F1-611F-EDDB-60FE2C2B4991}.Release|Any CPU.Build.0 = Release|Any CPU
		{C49951F4-D75B-6C10-75B0-BBD083F62464}.Debug|Any CPU.ActiveCfg = Debug|Any CPU
		{C49951F4-D75B-6C10-75B0-BBD083F62464}.Debug|Any CPU.Build.0 = Debug|Any CPU
		{C49951F4-D75B-6C10-75B0-BBD083F62464}.Release|Any CPU.ActiveCfg = Release|Any CPU
		{C49951F4-D75B-6C10-75B0-BBD083F62464}.Release|Any CPU.Build.0 = Release|Any CPU
		{AB22E64F-34AD-6E13-EF1C-03E7500B9330}.Debug|Any CPU.ActiveCfg = Debug|Any CPU
		{AB22E64F-34AD-6E13-EF1C-03E7500B9330}.Debug|Any CPU.Build.0 = Debug|Any CPU
		{AB22E64F-34AD-6E13-EF1C-03E7500B9330}.Release|Any CPU.ActiveCfg = Release|Any CPU
		{AB22E64F-34AD-6E13-EF1C-03E7500B9330}.Release|Any CPU.Build.0 = Release|Any CPU
	EndGlobalSection
	GlobalSection(SolutionProperties) = preSolution
		HideSolutionNode = FALSE
	EndGlobalSection
	GlobalSection(MonoDevelopProperties) = preSolution
		StartupItem = Assembly-CSharp.csproj
	EndGlobalSection
EndGlobal
