
Microsoft Visual Studio Solution File, Format Version 11.00
# Visual Studio 2010
Project("{FAE04EC0-301F-11D3-BF4B-00C04F79EFBC}") = "MMORPG", "Assembly-CSharp-firstpass.csproj", "{B9597AD4-B13A-4935-97B2-7F22AA487C0E}"
EndProject
Project("{FAE04EC0-301F-11D3-BF4B-00C04F79EFBC}") = "MMORPG", "Assembly-CSharp.csproj", "{B8072D92-3F1F-4F1B-AC63-D1F6B738AED0}"
EndProject
Project("{FAE04EC0-301F-11D3-BF4B-00C04F79EFBC}") = "MMORPG", "Assembly-CSharp-Editor-firstpass.csproj", "{54FE4EF8-0CB8-519A-5EC2-4C70677C8C65}"
EndProject
Global
	GlobalSection(SolutionConfigurationPlatforms) = preSolution
		Debug|Any CPU = Debug|Any CPU
		Release|Any CPU = Release|Any CPU
	EndGlobalSection
	GlobalSection(ProjectConfigurationPlatforms) = postSolution
		{B9597AD4-B13A-4935-97B2-7F22AA487C0E}.Debug|Any CPU.ActiveCfg = Debug|Any CPU
		{B9597AD4-B13A-4935-97B2-7F22AA487C0E}.Debug|Any CPU.Build.0 = Debug|Any CPU
		{B9597AD4-B13A-4935-97B2-7F22AA487C0E}.Release|Any CPU.ActiveCfg = Release|Any CPU
		{B9597AD4-B13A-4935-97B2-7F22AA487C0E}.Release|Any CPU.Build.0 = Release|Any CPU
		{B8072D92-3F1F-4F1B-AC63-D1F6B738AED0}.Debug|Any CPU.ActiveCfg = Debug|Any CPU
		{B8072D92-3F1F-4F1B-AC63-D1F6B738AED0}.Debug|Any CPU.Build.0 = Debug|Any CPU
		{B8072D92-3F1F-4F1B-AC63-D1F6B738AED0}.Release|Any CPU.ActiveCfg = Release|Any CPU
		{B8072D92-3F1F-4F1B-AC63-D1F6B738AED0}.Release|Any CPU.Build.0 = Release|Any CPU
		{54FE4EF8-0CB8-519A-5EC2-4C70677C8C65}.Debug|Any CPU.ActiveCfg = Debug|Any CPU
		{54FE4EF8-0CB8-519A-5EC2-4C70677C8C65}.Debug|Any CPU.Build.0 = Debug|Any CPU
		{54FE4EF8-0CB8-519A-5EC2-4C70677C8C65}.Release|Any CPU.ActiveCfg = Release|Any CPU
		{54FE4EF8-0CB8-519A-5EC2-4C70677C8C65}.Release|Any CPU.Build.0 = Release|Any CPU
	EndGlobalSection
	GlobalSection(SolutionProperties) = preSolution
		HideSolutionNode = FALSE
	EndGlobalSection
	GlobalSection(MonoDevelopProperties) = preSolution
		StartupItem = Assembly-CSharp.csproj
	EndGlobalSection
EndGlobal
